
Microsoft Visual Studio Solution File, Format Version 12.00
# Visual Studio Version 16
VisualStudioVersion = 16.0.32602.291
MinimumVisualStudioVersion = 10.0.40219.1
Project("{FAE04EC0-301F-11D3-BF4B-00C04F79EFBC}") = "ServerClient", "ServerClient\ServerClient.csproj", "{DDF52DF0-1ACA-46FF-A8A6-01D7E46D860B}"
EndProject
Global
	GlobalSection(SolutionConfigurationPlatforms) = preSolution
		Debug|Any CPU = Debug|Any CPU
		Release|Any CPU = Release|Any CPU
	EndGlobalSection
	GlobalSection(ProjectConfigurationPlatforms) = postSolution
		{DDF52DF0-1ACA-46FF-A8A6-01D7E46D860B}.Debug|Any CPU.ActiveCfg = Debug|Any CPU
		{DDF52DF0-1ACA-46FF-A8A6-01D7E46D860B}.Debug|Any CPU.Build.0 = Debug|Any CPU
		{DDF52DF0-1ACA-46FF-A8A6-01D7E46D860B}.Release|Any CPU.ActiveCfg = Release|Any CPU
		{DDF52DF0-1ACA-46FF-A8A6-01D7E46D860B}.Release|Any CPU.Build.0 = Release|Any CPU
	EndGlobalSection
	GlobalSection(SolutionProperties) = preSolution
		HideSolutionNode = FALSE
	EndGlobalSection
	GlobalSection(ExtensibilityGlobals) = postSolution
		SolutionGuid = {A870DF4D-070B-4B63-B030-72BD4C5B0E6F}
	EndGlobalSection
EndGlobal
